
Microsoft Visual Studio Solution File, Format Version 12.00
# Visual Studio Version 16
VisualStudioVersion = 16.0.30011.22
MinimumVisualStudioVersion = 10.0.40219.1
Project("{9A19103F-16F7-4668-BE54-9A1E7A4F7556}") = "Generator", "Generator\Generator.csproj", "{DD989C19-AF61-421A-A14F-75F2629C2D48}"
EndProject
Project("{FAE04EC0-301F-11D3-BF4B-00C04F79EFBC}") = "GeneratorTest", "GeneratorTest\GeneratorTest.csproj", "{A90F4C17-3D9F-4ECE-BF1D-D951EE259F5B}"
EndProject
Global
	GlobalSection(SolutionConfigurationPlatforms) = preSolution
		Debug|Any CPU = Debug|Any CPU
		Debug|ARM = Debug|ARM
		Debug|ARM64 = Debug|ARM64
		Debug|x64 = Debug|x64
		Debug|x86 = Debug|x86
		Release|Any CPU = Release|Any CPU
		Release|ARM = Release|ARM
		Release|ARM64 = Release|ARM64
		Release|x64 = Release|x64
		Release|x86 = Release|x86
	EndGlobalSection
	GlobalSection(ProjectConfigurationPlatforms) = postSolution
		{DD989C19-AF61-421A-A14F-75F2629C2D48}.Debug|Any CPU.ActiveCfg = Debug|Any CPU
		{DD989C19-AF61-421A-A14F-75F2629C2D48}.Debug|Any CPU.Build.0 = Debug|Any CPU
		{DD989C19-AF61-421A-A14F-75F2629C2D48}.Debug|ARM.ActiveCfg = Debug|Any CPU
		{DD989C19-AF61-421A-A14F-75F2629C2D48}.Debug|ARM.Build.0 = Debug|Any CPU
		{DD989C19-AF61-421A-A14F-75F2629C2D48}.Debug|ARM64.ActiveCfg = Debug|Any CPU
		{DD989C19-AF61-421A-A14F-75F2629C2D48}.Debug|ARM64.Build.0 = Debug|Any CPU
		{DD989C19-AF61-421A-A14F-75F2629C2D48}.Debug|x64.ActiveCfg = Debug|Any CPU
		{DD989C19-AF61-421A-A14F-75F2629C2D48}.Debug|x64.Build.0 = Debug|Any CPU
		{DD989C19-AF61-421A-A14F-75F2629C2D48}.Debug|x86.ActiveCfg = Debug|Any CPU
		{DD989C19-AF61-421A-A14F-75F2629C2D48}.Debug|x86.Build.0 = Debug|Any CPU
		{DD989C19-AF61-421A-A14F-75F2629C2D48}.Release|Any CPU.ActiveCfg = Release|Any CPU
		{DD989C19-AF61-421A-A14F-75F2629C2D48}.Release|Any CPU.Build.0 = Release|Any CPU
		{DD989C19-AF61-421A-A14F-75F2629C2D48}.Release|ARM.ActiveCfg = Release|Any CPU
		{DD989C19-AF61-421A-A14F-75F2629C2D48}.Release|ARM.Build.0 = Release|Any CPU
		{DD989C19-AF61-421A-A14F-75F2629C2D48}.Release|ARM64.ActiveCfg = Release|Any CPU
		{DD989C19-AF61-421A-A14F-75F2629C2D48}.Release|ARM64.Build.0 = Release|Any CPU
		{DD989C19-AF61-421A-A14F-75F2629C2D48}.Release|x64.ActiveCfg = Release|Any CPU
		{DD989C19-AF61-421A-A14F-75F2629C2D48}.Release|x64.Build.0 = Release|Any CPU
		{DD989C19-AF61-421A-A14F-75F2629C2D48}.Release|x86.ActiveCfg = Release|Any CPU
		{DD989C19-AF61-421A-A14F-75F2629C2D48}.Release|x86.Build.0 = Release|Any CPU
		{A90F4C17-3D9F-4ECE-BF1D-D951EE259F5B}.Debug|Any CPU.ActiveCfg = Debug|Any CPU
		{A90F4C17-3D9F-4ECE-BF1D-D951EE259F5B}.Debug|Any CPU.Build.0 = Debug|Any CPU
		{A90F4C17-3D9F-4ECE-BF1D-D951EE259F5B}.Debug|ARM.ActiveCfg = Debug|Any CPU
		{A90F4C17-3D9F-4ECE-BF1D-D951EE259F5B}.Debug|ARM.Build.0 = Debug|Any CPU
		{A90F4C17-3D9F-4ECE-BF1D-D951EE259F5B}.Debug|ARM64.ActiveCfg = Debug|Any CPU
		{A90F4C17-3D9F-4ECE-BF1D-D951EE259F5B}.Debug|ARM64.Build.0 = Debug|Any CPU
		{A90F4C17-3D9F-4ECE-BF1D-D951EE259F5B}.Debug|x64.ActiveCfg = Debug|Any CPU
		{A90F4C17-3D9F-4ECE-BF1D-D951EE259F5B}.Debug|x64.Build.0 = Debug|Any CPU
		{A90F4C17-3D9F-4ECE-BF1D-D951EE259F5B}.Debug|x86.ActiveCfg = Debug|Any CPU
		{A90F4C17-3D9F-4ECE-BF1D-D951EE259F5B}.Debug|x86.Build.0 = Debug|Any CPU
		{A90F4C17-3D9F-4ECE-BF1D-D951EE259F5B}.Release|Any CPU.ActiveCfg = Release|Any CPU
		{A90F4C17-3D9F-4ECE-BF1D-D951EE259F5B}.Release|Any CPU.Build.0 = Release|Any CPU
		{A90F4C17-3D9F-4ECE-BF1D-D951EE259F5B}.Release|ARM.ActiveCfg = Release|Any CPU
		{A90F4C17-3D9F-4ECE-BF1D-D951EE259F5B}.Release|ARM.Build.0 = Release|Any CPU
		{A90F4C17-3D9F-4ECE-BF1D-D951EE259F5B}.Release|ARM64.ActiveCfg = Release|Any CPU
		{A90F4C17-3D9F-4ECE-BF1D-D951EE259F5B}.Release|ARM64.Build.0 = Release|Any CPU
		{A90F4C17-3D9F-4ECE-BF1D-D951EE259F5B}.Release|x64.ActiveCfg = Release|Any CPU
		{A90F4C17-3D9F-4ECE-BF1D-D951EE259F5B}.Release|x64.Build.0 = Release|Any CPU
		{A90F4C17-3D9F-4ECE-BF1D-D951EE259F5B}.Release|x86.ActiveCfg = Release|Any CPU
		{A90F4C17-3D9F-4ECE-BF1D-D951EE259F5B}.Release|x86.Build.0 = Release|Any CPU
	EndGlobalSection
	GlobalSection(SolutionProperties) = preSolution
		HideSolutionNode = FALSE
	EndGlobalSection
	GlobalSection(ExtensibilityGlobals) = postSolution
		SolutionGuid = {0D036AFD-3F58-48BC-A11E-AFF6C9989B32}
	EndGlobalSection
EndGlobal
